
Microsoft Visual Studio Solution File, Format Version 12.00
# Visual Studio Version 17
VisualStudioVersion = 17.3.32728.150
MinimumVisualStudioVersion = 10.0.40219.1
Project("{FAE04EC0-301F-11D3-BF4B-00C04F79EFBC}") = "Casgem_Api_Consume", "Casgem_Api_Consume\Casgem_Api_Consume.csproj", "{A077C1A9-A36F-4AFD-879B-07A040669DDC}"
EndProject
Global
	GlobalSection(SolutionConfigurationPlatforms) = preSolution
		Debug|Any CPU = Debug|Any CPU
		Release|Any CPU = Release|Any CPU
	EndGlobalSection
	GlobalSection(ProjectConfigurationPlatforms) = postSolution
		{A077C1A9-A36F-4AFD-879B-07A040669DDC}.Debug|Any CPU.ActiveCfg = Debug|Any CPU
		{A077C1A9-A36F-4AFD-879B-07A040669DDC}.Debug|Any CPU.Build.0 = Debug|Any CPU
		{A077C1A9-A36F-4AFD-879B-07A040669DDC}.Release|Any CPU.ActiveCfg = Release|Any CPU
		{A077C1A9-A36F-4AFD-879B-07A040669DDC}.Release|Any CPU.Build.0 = Release|Any CPU
	EndGlobalSection
	GlobalSection(SolutionProperties) = preSolution
		HideSolutionNode = FALSE
	EndGlobalSection
	GlobalSection(ExtensibilityGlobals) = postSolution
		SolutionGuid = {7B089FCF-DF60-4D8B-916C-FD52F4028EEF}
	EndGlobalSection
EndGlobal
